
Microsoft Visual Studio Solution File, Format Version 12.00
# Visual Studio Version 17
VisualStudioVersion = 17.6.33801.468
MinimumVisualStudioVersion = 10.0.40219.1
Project("{9A19103F-16F7-4668-BE54-9A1E7A4F7556}") = "IdentityService.Api", "IdentityService.Api\IdentityService.Api.csproj", "{6192508D-4AA5-4980-9423-511D0BAB88D7}"
EndProject
Project("{9A19103F-16F7-4668-BE54-9A1E7A4F7556}") = "IdentityService.Core", "IdentityService.Core\IdentityService.Core.csproj", "{2F722470-C836-4DEB-AD3C-3FDA56735D3D}"
EndProject
Project("{9A19103F-16F7-4668-BE54-9A1E7A4F7556}") = "IdentityService.Business", "IdentityService.Business\IdentityService.Business.csproj", "{EAC96631-1E78-4A8B-99F5-A09E50E85839}"
EndProject
Project("{9A19103F-16F7-4668-BE54-9A1E7A4F7556}") = "IdentityService.DataAccess", "IdentityService.DataAccess\IdentityService.DataAccess.csproj", "{DD603B6B-1C07-44F3-8C30-0618E0A2C0B6}"
EndProject
Project("{FAE04EC0-301F-11D3-BF4B-00C04F79EFBC}") = "IdentityService.Entities", "IdentityService.Entities\IdentityService.Entities.csproj", "{8B53EEF9-3202-4D3E-9C93-108352201F8F}"
EndProject
Global
	GlobalSection(SolutionConfigurationPlatforms) = preSolution
		Debug|Any CPU = Debug|Any CPU
		Release|Any CPU = Release|Any CPU
	EndGlobalSection
	GlobalSection(ProjectConfigurationPlatforms) = postSolution
		{6192508D-4AA5-4980-9423-511D0BAB88D7}.Debug|Any CPU.ActiveCfg = Debug|Any CPU
		{6192508D-4AA5-4980-9423-511D0BAB88D7}.Debug|Any CPU.Build.0 = Debug|Any CPU
		{6192508D-4AA5-4980-9423-511D0BAB88D7}.Release|Any CPU.ActiveCfg = Release|Any CPU
		{6192508D-4AA5-4980-9423-511D0BAB88D7}.Release|Any CPU.Build.0 = Release|Any CPU
		{2F722470-C836-4DEB-AD3C-3FDA56735D3D}.Debug|Any CPU.ActiveCfg = Debug|Any CPU
		{2F722470-C836-4DEB-AD3C-3FDA56735D3D}.Debug|Any CPU.Build.0 = Debug|Any CPU
		{2F722470-C836-4DEB-AD3C-3FDA56735D3D}.Release|Any CPU.ActiveCfg = Release|Any CPU
		{2F722470-C836-4DEB-AD3C-3FDA56735D3D}.Release|Any CPU.Build.0 = Release|Any CPU
		{EAC96631-1E78-4A8B-99F5-A09E50E85839}.Debug|Any CPU.ActiveCfg = Debug|Any CPU
		{EAC96631-1E78-4A8B-99F5-A09E50E85839}.Debug|Any CPU.Build.0 = Debug|Any CPU
		{EAC96631-1E78-4A8B-99F5-A09E50E85839}.Release|Any CPU.ActiveCfg = Release|Any CPU
		{EAC96631-1E78-4A8B-99F5-A09E50E85839}.Release|Any CPU.Build.0 = Release|Any CPU
		{DD603B6B-1C07-44F3-8C30-0618E0A2C0B6}.Debug|Any CPU.ActiveCfg = Debug|Any CPU
		{DD603B6B-1C07-44F3-8C30-0618E0A2C0B6}.Debug|Any CPU.Build.0 = Debug|Any CPU
		{DD603B6B-1C07-44F3-8C30-0618E0A2C0B6}.Release|Any CPU.ActiveCfg = Release|Any CPU
		{DD603B6B-1C07-44F3-8C30-0618E0A2C0B6}.Release|Any CPU.Build.0 = Release|Any CPU
		{8B53EEF9-3202-4D3E-9C93-108352201F8F}.Debug|Any CPU.ActiveCfg = Debug|Any CPU
		{8B53EEF9-3202-4D3E-9C93-108352201F8F}.Debug|Any CPU.Build.0 = Debug|Any CPU
		{8B53EEF9-3202-4D3E-9C93-108352201F8F}.Release|Any CPU.ActiveCfg = Release|Any CPU
		{8B53EEF9-3202-4D3E-9C93-108352201F8F}.Release|Any CPU.Build.0 = Release|Any CPU
	EndGlobalSection
	GlobalSection(SolutionProperties) = preSolution
		HideSolutionNode = FALSE
	EndGlobalSection
	GlobalSection(ExtensibilityGlobals) = postSolution
		SolutionGuid = {230B5C70-03C0-4175-99DA-403CBB05B081}
	EndGlobalSection
EndGlobal
